
Microsoft Visual Studio Solution File, Format Version 12.00
# Visual Studio Version 17
VisualStudioVersion = 17.0.32112.339
MinimumVisualStudioVersion = 10.0.40219.1
Project("{9A19103F-16F7-4668-BE54-9A1E7A4F7556}") = "BitShifter.FastFileFinder.UI", "BitShifter.FastFileFinder.UI\BitShifter.FastFileFinder.UI.csproj", "{18A09737-7657-4A6D-8778-751387484C9F}"
EndProject
Project("{FAE04EC0-301F-11D3-BF4B-00C04F79EFBC}") = "BitShifter.FastFileFinder.Engine", "BitShifter.FastFileFinder.Engine\BitShifter.FastFileFinder.Engine.csproj", "{1DA7145A-5890-44DE-A09C-AA2F1C48BCE7}"
EndProject
Global
	GlobalSection(SolutionConfigurationPlatforms) = preSolution
		Debug|Any CPU = Debug|Any CPU
		Release|Any CPU = Release|Any CPU
	EndGlobalSection
	GlobalSection(ProjectConfigurationPlatforms) = postSolution
		{18A09737-7657-4A6D-8778-751387484C9F}.Debug|Any CPU.ActiveCfg = Debug|Any CPU
		{18A09737-7657-4A6D-8778-751387484C9F}.Debug|Any CPU.Build.0 = Debug|Any CPU
		{18A09737-7657-4A6D-8778-751387484C9F}.Release|Any CPU.ActiveCfg = Release|Any CPU
		{18A09737-7657-4A6D-8778-751387484C9F}.Release|Any CPU.Build.0 = Release|Any CPU
		{1DA7145A-5890-44DE-A09C-AA2F1C48BCE7}.Debug|Any CPU.ActiveCfg = Debug|Any CPU
		{1DA7145A-5890-44DE-A09C-AA2F1C48BCE7}.Debug|Any CPU.Build.0 = Debug|Any CPU
		{1DA7145A-5890-44DE-A09C-AA2F1C48BCE7}.Release|Any CPU.ActiveCfg = Release|Any CPU
		{1DA7145A-5890-44DE-A09C-AA2F1C48BCE7}.Release|Any CPU.Build.0 = Release|Any CPU
	EndGlobalSection
	GlobalSection(SolutionProperties) = preSolution
		HideSolutionNode = FALSE
	EndGlobalSection
	GlobalSection(ExtensibilityGlobals) = postSolution
		SolutionGuid = {0BB22D1A-EF98-429E-A0DE-E9940B44BEBE}
	EndGlobalSection
EndGlobal
